// !$*UTF8*$!
{
	archiveVersion = 1;
	classes = {
	};
	objectVersion = 50;
	objects = {

/* Begin PBXBuildFile section */
		5B80CE95281C846B00551276 /* AppDelegate.swift in Sources */ = {isa = PBXBuildFile; fileRef = 5B80CE94281C846B00551276 /* AppDelegate.swift */; };
		5B80CE97281C846B00551276 /* SceneDelegate.swift in Sources */ = {isa = PBXBuildFile; fileRef = 5B80CE96281C846B00551276 /* SceneDelegate.swift */; };
		5B80CE99281C846B00551276 /* ViewController.swift in Sources */ = {isa = PBXBuildFile; fileRef = 5B80CE98281C846B00551276 /* ViewController.swift */; };
		5B80CE9C281C846B00551276 /* Main.storyboard in Resources */ = {isa = PBXBuildFile; fileRef = 5B80CE9A281C846B00551276 /* Main.storyboard */; };
		5B80CE9E281C846E00551276 /* Assets.xcassets in Resources */ = {isa = PBXBuildFile; fileRef = 5B80CE9D281C846E00551276 /* Assets.xcassets */; };
		5B80CEA1281C846E00551276 /* LaunchScreen.storyboard in Resources */ = {isa = PBXBuildFile; fileRef = 5B80CE9F281C846E00551276 /* LaunchScreen.storyboard */; };
/* End PBXBuildFile section */

/* Begin PBXFileReference section */
		5B80CE91281C846B00551276 /* CustomizarTelas_DesafioProgramadores.app */ = {isa = PBXFileReference; explicitFileType = wrapper.application; includeInIndex = 0; path = CustomizarTelas_DesafioProgramadores.app; sourceTree = BUILT_PRODUCTS_DIR; };
		5B80CE94281C846B00551276 /* AppDelegate.swift */ = {isa = PBXFileReference; lastKnownFileType = sourcecode.swift; path = AppDelegate.swift; sourceTree = "<group>"; };
		5B80CE96281C846B00551276 /* SceneDelegate.swift */ = {isa = PBXFileReference; lastKnownFileType = sourcecode.swift; path = SceneDelegate.swift; sourceTree = "<group>"; };
		5B80CE98281C846B00551276 /* ViewController.swift */ = {isa = PBXFileReference; lastKnownFileType = sourcecode.swift; path = ViewController.swift; sourceTree = "<group>"; };
		5B80CE9B281C846B00551276 /* Base */ = {isa = PBXFileReference; lastKnownFileType = file.storyboard; name = Base; path = Base.lproj/Main.storyboard; sourceTree = "<group>"; };
		5B80CE9D281C846E00551276 /* Assets.xcassets */ = {isa = PBXFileReference; lastKnownFileType = folder.assetcatalog; path = Assets.xcassets; sourceTree = "<group>"; };
		5B80CEA0281C846E00551276 /* Base */ = {isa = PBXFileReference; lastKnownFileType = file.storyboard; name = Base; path = Base.lproj/LaunchScreen.storyboard; sourceTree = "<group>"; };
		5B80CEA2281C846E00551276 /* Info.plist */ = {isa = PBXFileReference; lastKnownFileType = text.plist.xml; path = Info.plist; sourceTree = "<group>"; };
/* End PBXFileReference section */

/* Begin PBXFrameworksBuildPhase section */
		5B80CE8E281C846B00551276 /* Frameworks */ = {
			isa = PBXFrameworksBuildPhase;
			buildActionMask = 2147483647;
			files = (
			);
			runOnlyForDeploymentPostprocessing = 0;
		};
/* End PBXFrameworksBuildPhase section */

/* Begin PBXGroup section */
		5B80CE88281C846B00551276 = {
			isa = PBXGroup;
			children = (
				5B80CE93281C846B00551276 /* CustomizarTelas_DesafioProgramadores */,
				5B80CE92281C846B00551276 /* Products */,
			);
			sourceTree = "<group>";
		};
		5B80CE92281C846B00551276 /* Products */ = {
			isa = PBXGroup;
			children = (
				5B80CE91281C846B00551276 /* CustomizarTelas_DesafioProgramadores.app */,
			);
			name = Products;
			sourceTree = "<group>";
		};
		5B80CE93281C846B00551276 /* CustomizarTelas_DesafioProgramadores */ = {
			isa = PBXGroup;
			children = (
				5B80CE94281C846B00551276 /* AppDelegate.swift */,
				5B80CE96281C846B00551276 /* SceneDelegate.swift */,
				5B80CE98281C846B00551276 /* ViewController.swift */,
				5B80CE9A281C846B00551276 /* Main.storyboard */,
				5B80CE9D281C846E00551276 /* Assets.xcassets */,
				5B80CE9F281C846E00551276 /* LaunchScreen.storyboard */,
				5B80CEA2281C846E00551276 /* Info.plist */,
			);
			path = CustomizarTelas_DesafioProgramadores;
			sourceTree = "<group>";
		};
/* End PBXGroup section */

/* Begin PBXNativeTarget section */
		5B80CE90281C846B00551276 /* CustomizarTelas_DesafioProgramadores */ = {
			isa = PBXNativeTarget;
			buildConfigurationList = 5B80CEA5281C846E00551276 /* Build configuration list for PBXNativeTarget "CustomizarTelas_DesafioProgramadores" */;
			buildPhases = (
				5B80CE8D281C846B00551276 /* Sources */,
				5B80CE8E281C846B00551276 /* Frameworks */,
				5B80CE8F281C846B00551276 /* Resources */,
			);
			buildRules = (
			);
			dependencies = (
			);
			name = CustomizarTelas_DesafioProgramadores;
			productName = CustomizarTelas_DesafioProgramadores;
			productReference = 5B80CE91281C846B00551276 /* CustomizarTelas_DesafioProgramadores.app */;
			productType = "com.apple.product-type.application";
		};
/* End PBXNativeTarget section */

/* Begin PBXProject section */
		5B80CE89281C846B00551276 /* Project object */ = {
			isa = PBXProject;
			attributes = {
				LastSwiftUpdateCheck = 1120;
				LastUpgradeCheck = 1120;
				ORGANIZATIONNAME = DH;
				TargetAttributes = {
					5B80CE90281C846B00551276 = {
						CreatedOnToolsVersion = 11.2;
					};
				};
			};
			buildConfigurationList = 5B80CE8C281C846B00551276 /* Build configuration list for PBXProject "CustomizarTelas_DesafioProgramadores" */;
			compatibilityVersion = "Xcode 9.3";
			developmentRegion = en;
			hasScannedForEncodings = 0;
			knownRegions = (
				en,
				Base,
			);
			mainGroup = 5B80CE88281C846B00551276;
			productRefGroup = 5B80CE92281C846B00551276 /* Products */;
			projectDirPath = "";
			projectRoot = "";
			targets = (
				5B80CE90281C846B00551276 /* CustomizarTelas_DesafioProgramadores */,
			);
		};
/* End PBXProject section */

/* Begin PBXResourcesBuildPhase section */
		5B80CE8F281C846B00551276 /* Resources */ = {
			isa = PBXResourcesBuildPhase;
			buildActionMask = 2147483647;
			files = (
				5B80CEA1281C846E00551276 /* LaunchScreen.storyboard in Resources */,
				5B80CE9E281C846E00551276 /* Assets.xcassets in Resources */,
				5B80CE9C281C846B00551276 /* Main.storyboard in Resources */,
			);
			runOnlyForDeploymentPostprocessing = 0;
		};
/* End PBXResourcesBuildPhase section */

/* Begin PBXSourcesBuildPhase section */
		5B80CE8D281C846B00551276 /* Sources */ = {
			isa = PBXSourcesBuildPhase;
			buildActionMask = 2147483647;
			files = (
				5B80CE99281C846B00551276 /* ViewController.swift in Sources */,
				5B80CE95281C846B00551276 /* AppDelegate.swift in Sources */,
				5B80CE97281C846B00551276 /* SceneDelegate.swift in Sources */,
			);
			runOnlyForDeploymentPostprocessing = 0;
		};
/* End PBXSourcesBuildPhase section */

/* Begin PBXVariantGroup section */
		5B80CE9A281C846B00551276 /* Main.storyboard */ = {
			isa = PBXVariantGroup;
			children = (
				5B80CE9B281C846B00551276 /* Base */,
			);
			name = Main.storyboard;
			sourceTree = "<group>";
		};
		5B80CE9F281C846E00551276 /* LaunchScreen.storyboard */ = {
			isa = PBXVariantGroup;
			children = (
				5B80CEA0281C846E00551276 /* Base */,
			);
			name = LaunchScreen.storyboard;
			sourceTree = "<group>";
		};
/* End PBXVariantGroup section */

/* Begin XCBuildConfiguration section */
		5B80CEA3281C846E00551276 /* Debug */ = {
			isa = XCBuildConfiguration;
			buildSettings = {
				ALWAYS_SEARCH_USER_PATHS = NO;
				CLANG_ANALYZER_NONNULL = YES;
				CLANG_ANALYZER_NUMBER_OBJECT_CONVERSION = YES_AGGRESSIVE;
				CLANG_CXX_LANGUAGE_STANDARD = "gnu++14";
				CLANG_CXX_LIBRARY = "libc++";
				CLANG_ENABLE_MODULES = YES;
				CLANG_ENABLE_OBJC_ARC = YES;
				CLANG_ENABLE_OBJC_WEAK = YES;
				CLANG_WARN_BLOCK_CAPTURE_AUTORELEASING = YES;
				CLANG_WARN_BOOL_CONVERSION = YES;
				CLANG_WARN_COMMA = YES;
				CLANG_WARN_CONSTANT_CONVERSION = YES;
				CLANG_WARN_DEPRECATED_OBJC_IMPLEMENTATIONS = YES;
				CLANG_WARN_DIRECT_OBJC_ISA_USAGE = YES_ERROR;
				CLANG_WARN_DOCUMENTATION_COMMENTS = YES;
				CLANG_WARN_EMPTY_BODY = YES;
				CLANG_WARN_ENUM_CONVERSION = YES;
				CLANG_WARN_INFINITE_RECURSION = YES;
				CLANG_WARN_INT_CONVERSION = YES;
				CLANG_WARN_NON_LITERAL_NULL_CONVERSION = YES;
				CLANG_WARN_OBJC_IMPLICIT_RETAIN_SELF = YES;
				CLANG_WARN_OBJC_LITERAL_CONVERSION = YES;
				CLANG_WARN_OBJC_ROOT_CLASS = YES_ERROR;
				CLANG_WARN_RANGE_LOOP_ANALYSIS = YES;
				CLANG_WARN_STRICT_PROTOTYPES = YES;
				CLANG_WARN_SUSPICIOUS_MOVE = YES;
				CLANG_WARN_UNGUARDED_AVAILABILITY = YES_AGGRESSIVE;
				CLANG_WARN_UNREACHABLE_CODE = YES;
				CLANG_WARN__DUPLICATE_METHOD_MATCH = YES;
				COPY_PHASE_STRIP = NO;
				DEBUG_INFORMATION_FORMAT = dwarf;
				ENABLE_STRICT_OBJC_MSGSEND = YES;
				ENABLE_TESTABILITY = YES;
				GCC_C_LANGUAGE_STANDARD = gnu11;
				GCC_DYNAMIC_NO_PIC = NO;
				GCC_NO_COMMON_BLOCKS = YES;
				GCC_OPTIMIZATION_LEVEL = 0;
				GCC_PREPROCESSOR_DEFINITIONS = (
					"DEBUG=1",
					"$(inherited)",
				);
				GCC_WARN_64_TO_32_BIT_CONVERSION = YES;
				GCC_WARN_ABOUT_RETURN_TYPE = YES_ERROR;
				GCC_WARN_UNDECLARED_SELECTOR = YES;
				GCC_WARN_UNINITIALIZED_AUTOS = YES_AGGRESSIVE;
				GCC_WARN_UNUSED_FUNCTION = YES;
				GCC_WARN_UNUSED_VARIABLE = YES;
				IPHONEOS_DEPLOYMENT_TARGET = 13.2;
				MTL_ENABLE_DEBUG_INFO = INCLUDE_SOURCE;
				MTL_FAST_MATH = YES;
				ONLY_ACTIVE_ARCH = YES;
				SDKROOT = iphoneos;
				SWIFT_ACTIVE_COMPILATION_CONDITIONS = DEBUG;
				SWIFT_OPTIMIZATION_LEVEL = "-Onone";
			};
			name = Debug;
		};
		5B80CEA4281C846E00551276 /* Release */ = {
			isa = XCBuildConfiguration;
			buildSettings = {
				ALWAYS_SEARCH_USER_PATHS = NO;
				CLANG_ANALYZER_NONNULL = YES;
				CLANG_ANALYZER_NUMBER_OBJECT_CONVERSION = YES_AGGRESSIVE;
				CLANG_CXX_LANGUAGE_STANDARD = "gnu++14";
				CLANG_CXX_LIBRARY = "libc++";
				CLANG_ENABLE_MODULES = YES;
				CLANG_ENABLE_OBJC_ARC = YES;
				CLANG_ENABLE_OBJC_WEAK = YES;
				CLANG_WARN_BLOCK_CAPTURE_AUTORELEASING = YES;
				CLANG_WARN_BOOL_CONVERSION = YES;
				CLANG_WARN_COMMA = YES;
				CLANG_WARN_CONSTANT_CONVERSION = YES;
				CLANG_WARN_DEPRECATED_OBJC_IMPLEMENTATIONS = YES;
				CLANG_WARN_DIRECT_OBJC_ISA_USAGE = YES_ERROR;
				CLANG_WARN_DOCUMENTATION_COMMENTS = YES;
				CLANG_WARN_EMPTY_BODY = YES;
				CLANG_WARN_ENUM_CONVERSION = YES;
				CLANG_WARN_INFINITE_RECURSION = YES;
				CLANG_WARN_INT_CONVERSION = YES;
				CLANG_WARN_NON_LITERAL_NULL_CONVERSION = YES;
				CLANG_WARN_OBJC_IMPLICIT_RETAIN_SELF = YES;
				CLANG_WARN_OBJC_LITERAL_CONVERSION = YES;
				CLANG_WARN_OBJC_ROOT_CLASS = YES_ERROR;
				CLANG_WARN_RANGE_LOOP_ANALYSIS = YES;
				CLANG_WARN_STRICT_PROTOTYPES = YES;
				CLANG_WARN_SUSPICIOUS_MOVE = YES;
				CLANG_WARN_UNGUARDED_AVAILABILITY = YES_AGGRESSIVE;
				CLANG_WARN_UNREACHABLE_CODE = YES;
				CLANG_WARN__DUPLICATE_METHOD_MATCH = YES;
				COPY_PHASE_STRIP = NO;
				DEBUG_INFORMATION_FORMAT = "dwarf-with-dsym";
				ENABLE_NS_ASSERTIONS = NO;
				ENABLE_STRICT_OBJC_MSGSEND = YES;
				GCC_C_LANGUAGE_STANDARD = gnu11;
				GCC_NO_COMMON_BLOCKS = YES;
				GCC_WARN_64_TO_32_BIT_CONVERSION = YES;
				GCC_WARN_ABOUT_RETURN_TYPE = YES_ERROR;
				GCC_WARN_UNDECLARED_SELECTOR = YES;
				GCC_WARN_UNINITIALIZED_AUTOS = YES_AGGRESSIVE;
				GCC_WARN_UNUSED_FUNCTION = YES;
				GCC_WARN_UNUSED_VARIABLE = YES;
				IPHONEOS_DEPLOYMENT_TARGET = 13.2;
				MTL_ENABLE_DEBUG_INFO = NO;
				MTL_FAST_MATH = YES;
				SDKROOT = iphoneos;
				SWIFT_COMPILATION_MODE = wholemodule;
				SWIFT_OPTIMIZATION_LEVEL = "-O";
				VALIDATE_PRODUCT = YES;
			};
			name = Release;
		};
		5B80CEA6281C846E00551276 /* Debug */ = {
			isa = XCBuildConfiguration;
			buildSettings = {
				ASSETCATALOG_COMPILER_APPICON_NAME = AppIcon;
				CODE_SIGN_STYLE = Automatic;
				INFOPLIST_FILE = CustomizarTelas_DesafioProgramadores/Info.plist;
				LD_RUNPATH_SEARCH_PATHS = (
					"$(inherited)",
					"@executable_path/Frameworks",
				);
				PRODUCT_BUNDLE_IDENTIFIER = "br.com.DH.CustomizarTelas-DesafioProgramadores";
				PRODUCT_NAME = "$(TARGET_NAME)";
				SWIFT_VERSION = 5.0;
				TARGETED_DEVICE_FAMILY = "1,2";
			};
			name = Debug;
		};
		5B80CEA7281C846E00551276 /* Release */ = {
			isa = XCBuildConfiguration;
			buildSettings = {
				ASSETCATALOG_COMPILER_APPICON_NAME = AppIcon;
				CODE_SIGN_STYLE = Automatic;
				INFOPLIST_FILE = CustomizarTelas_DesafioProgramadores/Info.plist;
				LD_RUNPATH_SEARCH_PATHS = (
					"$(inherited)",
					"@executable_path/Frameworks",
				);
				PRODUCT_BUNDLE_IDENTIFIER = "br.com.DH.CustomizarTelas-DesafioProgramadores";
				PRODUCT_NAME = "$(TARGET_NAME)";
				SWIFT_VERSION = 5.0;
				TARGETED_DEVICE_FAMILY = "1,2";
			};
			name = Release;
		};
/* End XCBuildConfiguration section */

/* Begin XCConfigurationList section */
		5B80CE8C281C846B00551276 /* Build configuration list for PBXProject "CustomizarTelas_DesafioProgramadores" */ = {
			isa = XCConfigurationList;
			buildConfigurations = (
				5B80CEA3281C846E00551276 /* Debug */,
				5B80CEA4281C846E00551276 /* Release */,
			);
			defaultConfigurationIsVisible = 0;
			defaultConfigurationName = Release;
		};
		5B80CEA5281C846E00551276 /* Build configuration list for PBXNativeTarget "CustomizarTelas_DesafioProgramadores" */ = {
			isa = XCConfigurationList;
			buildConfigurations = (
				5B80CEA6281C846E00551276 /* Debug */,
				5B80CEA7281C846E00551276 /* Release */,
			);
			defaultConfigurationIsVisible = 0;
			defaultConfigurationName = Release;
		};
/* End XCConfigurationList section */
	};
	rootObject = 5B80CE89281C846B00551276 /* Project object */;
}
