// !$*UTF8*$!
{
	archiveVersion = 1;
	classes = {
	};
	objectVersion = 50;
	objects = {

/* Begin PBXBuildFile section */
		5B94090927E00C1100A8FF06 /* AppDelegate.swift in Sources */ = {isa = PBXBuildFile; fileRef = 5B94090827E00C1100A8FF06 /* AppDelegate.swift */; };
		5B94090B27E00C1100A8FF06 /* SceneDelegate.swift in Sources */ = {isa = PBXBuildFile; fileRef = 5B94090A27E00C1100A8FF06 /* SceneDelegate.swift */; };
		5B94090D27E00C1100A8FF06 /* ViewController.swift in Sources */ = {isa = PBXBuildFile; fileRef = 5B94090C27E00C1100A8FF06 /* ViewController.swift */; };
		5B94091027E00C1100A8FF06 /* Main.storyboard in Resources */ = {isa = PBXBuildFile; fileRef = 5B94090E27E00C1100A8FF06 /* Main.storyboard */; };
		5B94091327E00C1100A8FF06 /* IBOutlet__IBAction.xcdatamodeld in Sources */ = {isa = PBXBuildFile; fileRef = 5B94091127E00C1100A8FF06 /* IBOutlet__IBAction.xcdatamodeld */; };
		5B94091527E00C1300A8FF06 /* Assets.xcassets in Resources */ = {isa = PBXBuildFile; fileRef = 5B94091427E00C1300A8FF06 /* Assets.xcassets */; };
		5B94091827E00C1300A8FF06 /* LaunchScreen.storyboard in Resources */ = {isa = PBXBuildFile; fileRef = 5B94091627E00C1300A8FF06 /* LaunchScreen.storyboard */; };
		5B94092327E00C1300A8FF06 /* IBOutlet__IBActionTests.swift in Sources */ = {isa = PBXBuildFile; fileRef = 5B94092227E00C1300A8FF06 /* IBOutlet__IBActionTests.swift */; };
		5B94092E27E00C1300A8FF06 /* IBOutlet__IBActionUITests.swift in Sources */ = {isa = PBXBuildFile; fileRef = 5B94092D27E00C1300A8FF06 /* IBOutlet__IBActionUITests.swift */; };
/* End PBXBuildFile section */

/* Begin PBXContainerItemProxy section */
		5B94091F27E00C1300A8FF06 /* PBXContainerItemProxy */ = {
			isa = PBXContainerItemProxy;
			containerPortal = 5B9408FD27E00C1100A8FF06 /* Project object */;
			proxyType = 1;
			remoteGlobalIDString = 5B94090427E00C1100A8FF06;
			remoteInfo = "IBOutlet&&IBAction";
		};
		5B94092A27E00C1300A8FF06 /* PBXContainerItemProxy */ = {
			isa = PBXContainerItemProxy;
			containerPortal = 5B9408FD27E00C1100A8FF06 /* Project object */;
			proxyType = 1;
			remoteGlobalIDString = 5B94090427E00C1100A8FF06;
			remoteInfo = "IBOutlet&&IBAction";
		};
/* End PBXContainerItemProxy section */

/* Begin PBXFileReference section */
		5B94090527E00C1100A8FF06 /* IBOutlet&&IBAction.app */ = {isa = PBXFileReference; explicitFileType = wrapper.application; includeInIndex = 0; path = "IBOutlet&&IBAction.app"; sourceTree = BUILT_PRODUCTS_DIR; };
		5B94090827E00C1100A8FF06 /* AppDelegate.swift */ = {isa = PBXFileReference; lastKnownFileType = sourcecode.swift; path = AppDelegate.swift; sourceTree = "<group>"; };
		5B94090A27E00C1100A8FF06 /* SceneDelegate.swift */ = {isa = PBXFileReference; lastKnownFileType = sourcecode.swift; path = SceneDelegate.swift; sourceTree = "<group>"; };
		5B94090C27E00C1100A8FF06 /* ViewController.swift */ = {isa = PBXFileReference; lastKnownFileType = sourcecode.swift; path = ViewController.swift; sourceTree = "<group>"; };
		5B94090F27E00C1100A8FF06 /* Base */ = {isa = PBXFileReference; lastKnownFileType = file.storyboard; name = Base; path = Base.lproj/Main.storyboard; sourceTree = "<group>"; };
		5B94091227E00C1100A8FF06 /* IBOutlet__IBAction.xcdatamodel */ = {isa = PBXFileReference; lastKnownFileType = wrapper.xcdatamodel; path = IBOutlet__IBAction.xcdatamodel; sourceTree = "<group>"; };
		5B94091427E00C1300A8FF06 /* Assets.xcassets */ = {isa = PBXFileReference; lastKnownFileType = folder.assetcatalog; path = Assets.xcassets; sourceTree = "<group>"; };
		5B94091727E00C1300A8FF06 /* Base */ = {isa = PBXFileReference; lastKnownFileType = file.storyboard; name = Base; path = Base.lproj/LaunchScreen.storyboard; sourceTree = "<group>"; };
		5B94091927E00C1300A8FF06 /* Info.plist */ = {isa = PBXFileReference; lastKnownFileType = text.plist.xml; path = Info.plist; sourceTree = "<group>"; };
		5B94091E27E00C1300A8FF06 /* IBOutlet&&IBActionTests.xctest */ = {isa = PBXFileReference; explicitFileType = wrapper.cfbundle; includeInIndex = 0; path = "IBOutlet&&IBActionTests.xctest"; sourceTree = BUILT_PRODUCTS_DIR; };
		5B94092227E00C1300A8FF06 /* IBOutlet__IBActionTests.swift */ = {isa = PBXFileReference; lastKnownFileType = sourcecode.swift; path = IBOutlet__IBActionTests.swift; sourceTree = "<group>"; };
		5B94092427E00C1300A8FF06 /* Info.plist */ = {isa = PBXFileReference; lastKnownFileType = text.plist.xml; path = Info.plist; sourceTree = "<group>"; };
		5B94092927E00C1300A8FF06 /* IBOutlet&&IBActionUITests.xctest */ = {isa = PBXFileReference; explicitFileType = wrapper.cfbundle; includeInIndex = 0; path = "IBOutlet&&IBActionUITests.xctest"; sourceTree = BUILT_PRODUCTS_DIR; };
		5B94092D27E00C1300A8FF06 /* IBOutlet__IBActionUITests.swift */ = {isa = PBXFileReference; lastKnownFileType = sourcecode.swift; path = IBOutlet__IBActionUITests.swift; sourceTree = "<group>"; };
		5B94092F27E00C1300A8FF06 /* Info.plist */ = {isa = PBXFileReference; lastKnownFileType = text.plist.xml; path = Info.plist; sourceTree = "<group>"; };
/* End PBXFileReference section */

/* Begin PBXFrameworksBuildPhase section */
		5B94090227E00C1100A8FF06 /* Frameworks */ = {
			isa = PBXFrameworksBuildPhase;
			buildActionMask = 2147483647;
			files = (
			);
			runOnlyForDeploymentPostprocessing = 0;
		};
		5B94091B27E00C1300A8FF06 /* Frameworks */ = {
			isa = PBXFrameworksBuildPhase;
			buildActionMask = 2147483647;
			files = (
			);
			runOnlyForDeploymentPostprocessing = 0;
		};
		5B94092627E00C1300A8FF06 /* Frameworks */ = {
			isa = PBXFrameworksBuildPhase;
			buildActionMask = 2147483647;
			files = (
			);
			runOnlyForDeploymentPostprocessing = 0;
		};
/* End PBXFrameworksBuildPhase section */

/* Begin PBXGroup section */
		5B9408FC27E00C1100A8FF06 = {
			isa = PBXGroup;
			children = (
				5B94090727E00C1100A8FF06 /* IBOutlet&&IBAction */,
				5B94092127E00C1300A8FF06 /* IBOutlet&&IBActionTests */,
				5B94092C27E00C1300A8FF06 /* IBOutlet&&IBActionUITests */,
				5B94090627E00C1100A8FF06 /* Products */,
			);
			sourceTree = "<group>";
		};
		5B94090627E00C1100A8FF06 /* Products */ = {
			isa = PBXGroup;
			children = (
				5B94090527E00C1100A8FF06 /* IBOutlet&&IBAction.app */,
				5B94091E27E00C1300A8FF06 /* IBOutlet&&IBActionTests.xctest */,
				5B94092927E00C1300A8FF06 /* IBOutlet&&IBActionUITests.xctest */,
			);
			name = Products;
			sourceTree = "<group>";
		};
		5B94090727E00C1100A8FF06 /* IBOutlet&&IBAction */ = {
			isa = PBXGroup;
			children = (
				5B94090827E00C1100A8FF06 /* AppDelegate.swift */,
				5B94090A27E00C1100A8FF06 /* SceneDelegate.swift */,
				5B94090C27E00C1100A8FF06 /* ViewController.swift */,
				5B94090E27E00C1100A8FF06 /* Main.storyboard */,
				5B94091427E00C1300A8FF06 /* Assets.xcassets */,
				5B94091627E00C1300A8FF06 /* LaunchScreen.storyboard */,
				5B94091927E00C1300A8FF06 /* Info.plist */,
				5B94091127E00C1100A8FF06 /* IBOutlet__IBAction.xcdatamodeld */,
			);
			path = "IBOutlet&&IBAction";
			sourceTree = "<group>";
		};
		5B94092127E00C1300A8FF06 /* IBOutlet&&IBActionTests */ = {
			isa = PBXGroup;
			children = (
				5B94092227E00C1300A8FF06 /* IBOutlet__IBActionTests.swift */,
				5B94092427E00C1300A8FF06 /* Info.plist */,
			);
			path = "IBOutlet&&IBActionTests";
			sourceTree = "<group>";
		};
		5B94092C27E00C1300A8FF06 /* IBOutlet&&IBActionUITests */ = {
			isa = PBXGroup;
			children = (
				5B94092D27E00C1300A8FF06 /* IBOutlet__IBActionUITests.swift */,
				5B94092F27E00C1300A8FF06 /* Info.plist */,
			);
			path = "IBOutlet&&IBActionUITests";
			sourceTree = "<group>";
		};
/* End PBXGroup section */

/* Begin PBXNativeTarget section */
		5B94090427E00C1100A8FF06 /* IBOutlet&&IBAction */ = {
			isa = PBXNativeTarget;
			buildConfigurationList = 5B94093227E00C1300A8FF06 /* Build configuration list for PBXNativeTarget "IBOutlet&&IBAction" */;
			buildPhases = (
				5B94090127E00C1100A8FF06 /* Sources */,
				5B94090227E00C1100A8FF06 /* Frameworks */,
				5B94090327E00C1100A8FF06 /* Resources */,
			);
			buildRules = (
			);
			dependencies = (
			);
			name = "IBOutlet&&IBAction";
			productName = "IBOutlet&&IBAction";
			productReference = 5B94090527E00C1100A8FF06 /* IBOutlet&&IBAction.app */;
			productType = "com.apple.product-type.application";
		};
		5B94091D27E00C1300A8FF06 /* IBOutlet&&IBActionTests */ = {
			isa = PBXNativeTarget;
			buildConfigurationList = 5B94093527E00C1300A8FF06 /* Build configuration list for PBXNativeTarget "IBOutlet&&IBActionTests" */;
			buildPhases = (
				5B94091A27E00C1300A8FF06 /* Sources */,
				5B94091B27E00C1300A8FF06 /* Frameworks */,
				5B94091C27E00C1300A8FF06 /* Resources */,
			);
			buildRules = (
			);
			dependencies = (
				5B94092027E00C1300A8FF06 /* PBXTargetDependency */,
			);
			name = "IBOutlet&&IBActionTests";
			productName = "IBOutlet&&IBActionTests";
			productReference = 5B94091E27E00C1300A8FF06 /* IBOutlet&&IBActionTests.xctest */;
			productType = "com.apple.product-type.bundle.unit-test";
		};
		5B94092827E00C1300A8FF06 /* IBOutlet&&IBActionUITests */ = {
			isa = PBXNativeTarget;
			buildConfigurationList = 5B94093827E00C1300A8FF06 /* Build configuration list for PBXNativeTarget "IBOutlet&&IBActionUITests" */;
			buildPhases = (
				5B94092527E00C1300A8FF06 /* Sources */,
				5B94092627E00C1300A8FF06 /* Frameworks */,
				5B94092727E00C1300A8FF06 /* Resources */,
			);
			buildRules = (
			);
			dependencies = (
				5B94092B27E00C1300A8FF06 /* PBXTargetDependency */,
			);
			name = "IBOutlet&&IBActionUITests";
			productName = "IBOutlet&&IBActionUITests";
			productReference = 5B94092927E00C1300A8FF06 /* IBOutlet&&IBActionUITests.xctest */;
			productType = "com.apple.product-type.bundle.ui-testing";
		};
/* End PBXNativeTarget section */

/* Begin PBXProject section */
		5B9408FD27E00C1100A8FF06 /* Project object */ = {
			isa = PBXProject;
			attributes = {
				LastSwiftUpdateCheck = 1120;
				LastUpgradeCheck = 1120;
				ORGANIZATIONNAME = DH;
				TargetAttributes = {
					5B94090427E00C1100A8FF06 = {
						CreatedOnToolsVersion = 11.2;
					};
					5B94091D27E00C1300A8FF06 = {
						CreatedOnToolsVersion = 11.2;
						TestTargetID = 5B94090427E00C1100A8FF06;
					};
					5B94092827E00C1300A8FF06 = {
						CreatedOnToolsVersion = 11.2;
						TestTargetID = 5B94090427E00C1100A8FF06;
					};
				};
			};
			buildConfigurationList = 5B94090027E00C1100A8FF06 /* Build configuration list for PBXProject "IBOutlet&&IBAction" */;
			compatibilityVersion = "Xcode 9.3";
			developmentRegion = en;
			hasScannedForEncodings = 0;
			knownRegions = (
				en,
				Base,
			);
			mainGroup = 5B9408FC27E00C1100A8FF06;
			productRefGroup = 5B94090627E00C1100A8FF06 /* Products */;
			projectDirPath = "";
			projectRoot = "";
			targets = (
				5B94090427E00C1100A8FF06 /* IBOutlet&&IBAction */,
				5B94091D27E00C1300A8FF06 /* IBOutlet&&IBActionTests */,
				5B94092827E00C1300A8FF06 /* IBOutlet&&IBActionUITests */,
			);
		};
/* End PBXProject section */

/* Begin PBXResourcesBuildPhase section */
		5B94090327E00C1100A8FF06 /* Resources */ = {
			isa = PBXResourcesBuildPhase;
			buildActionMask = 2147483647;
			files = (
				5B94091827E00C1300A8FF06 /* LaunchScreen.storyboard in Resources */,
				5B94091527E00C1300A8FF06 /* Assets.xcassets in Resources */,
				5B94091027E00C1100A8FF06 /* Main.storyboard in Resources */,
			);
			runOnlyForDeploymentPostprocessing = 0;
		};
		5B94091C27E00C1300A8FF06 /* Resources */ = {
			isa = PBXResourcesBuildPhase;
			buildActionMask = 2147483647;
			files = (
			);
			runOnlyForDeploymentPostprocessing = 0;
		};
		5B94092727E00C1300A8FF06 /* Resources */ = {
			isa = PBXResourcesBuildPhase;
			buildActionMask = 2147483647;
			files = (
			);
			runOnlyForDeploymentPostprocessing = 0;
		};
/* End PBXResourcesBuildPhase section */

/* Begin PBXSourcesBuildPhase section */
		5B94090127E00C1100A8FF06 /* Sources */ = {
			isa = PBXSourcesBuildPhase;
			buildActionMask = 2147483647;
			files = (
				5B94090D27E00C1100A8FF06 /* ViewController.swift in Sources */,
				5B94090927E00C1100A8FF06 /* AppDelegate.swift in Sources */,
				5B94091327E00C1100A8FF06 /* IBOutlet__IBAction.xcdatamodeld in Sources */,
				5B94090B27E00C1100A8FF06 /* SceneDelegate.swift in Sources */,
			);
			runOnlyForDeploymentPostprocessing = 0;
		};
		5B94091A27E00C1300A8FF06 /* Sources */ = {
			isa = PBXSourcesBuildPhase;
			buildActionMask = 2147483647;
			files = (
				5B94092327E00C1300A8FF06 /* IBOutlet__IBActionTests.swift in Sources */,
			);
			runOnlyForDeploymentPostprocessing = 0;
		};
		5B94092527E00C1300A8FF06 /* Sources */ = {
			isa = PBXSourcesBuildPhase;
			buildActionMask = 2147483647;
			files = (
				5B94092E27E00C1300A8FF06 /* IBOutlet__IBActionUITests.swift in Sources */,
			);
			runOnlyForDeploymentPostprocessing = 0;
		};
/* End PBXSourcesBuildPhase section */

/* Begin PBXTargetDependency section */
		5B94092027E00C1300A8FF06 /* PBXTargetDependency */ = {
			isa = PBXTargetDependency;
			target = 5B94090427E00C1100A8FF06 /* IBOutlet&&IBAction */;
			targetProxy = 5B94091F27E00C1300A8FF06 /* PBXContainerItemProxy */;
		};
		5B94092B27E00C1300A8FF06 /* PBXTargetDependency */ = {
			isa = PBXTargetDependency;
			target = 5B94090427E00C1100A8FF06 /* IBOutlet&&IBAction */;
			targetProxy = 5B94092A27E00C1300A8FF06 /* PBXContainerItemProxy */;
		};
/* End PBXTargetDependency section */

/* Begin PBXVariantGroup section */
		5B94090E27E00C1100A8FF06 /* Main.storyboard */ = {
			isa = PBXVariantGroup;
			children = (
				5B94090F27E00C1100A8FF06 /* Base */,
			);
			name = Main.storyboard;
			sourceTree = "<group>";
		};
		5B94091627E00C1300A8FF06 /* LaunchScreen.storyboard */ = {
			isa = PBXVariantGroup;
			children = (
				5B94091727E00C1300A8FF06 /* Base */,
			);
			name = LaunchScreen.storyboard;
			sourceTree = "<group>";
		};
/* End PBXVariantGroup section */

/* Begin XCBuildConfiguration section */
		5B94093027E00C1300A8FF06 /* Debug */ = {
			isa = XCBuildConfiguration;
			buildSettings = {
				ALWAYS_SEARCH_USER_PATHS = NO;
				CLANG_ANALYZER_NONNULL = YES;
				CLANG_ANALYZER_NUMBER_OBJECT_CONVERSION = YES_AGGRESSIVE;
				CLANG_CXX_LANGUAGE_STANDARD = "gnu++14";
				CLANG_CXX_LIBRARY = "libc++";
				CLANG_ENABLE_MODULES = YES;
				CLANG_ENABLE_OBJC_ARC = YES;
				CLANG_ENABLE_OBJC_WEAK = YES;
				CLANG_WARN_BLOCK_CAPTURE_AUTORELEASING = YES;
				CLANG_WARN_BOOL_CONVERSION = YES;
				CLANG_WARN_COMMA = YES;
				CLANG_WARN_CONSTANT_CONVERSION = YES;
				CLANG_WARN_DEPRECATED_OBJC_IMPLEMENTATIONS = YES;
				CLANG_WARN_DIRECT_OBJC_ISA_USAGE = YES_ERROR;
				CLANG_WARN_DOCUMENTATION_COMMENTS = YES;
				CLANG_WARN_EMPTY_BODY = YES;
				CLANG_WARN_ENUM_CONVERSION = YES;
				CLANG_WARN_INFINITE_RECURSION = YES;
				CLANG_WARN_INT_CONVERSION = YES;
				CLANG_WARN_NON_LITERAL_NULL_CONVERSION = YES;
				CLANG_WARN_OBJC_IMPLICIT_RETAIN_SELF = YES;
				CLANG_WARN_OBJC_LITERAL_CONVERSION = YES;
				CLANG_WARN_OBJC_ROOT_CLASS = YES_ERROR;
				CLANG_WARN_RANGE_LOOP_ANALYSIS = YES;
				CLANG_WARN_STRICT_PROTOTYPES = YES;
				CLANG_WARN_SUSPICIOUS_MOVE = YES;
				CLANG_WARN_UNGUARDED_AVAILABILITY = YES_AGGRESSIVE;
				CLANG_WARN_UNREACHABLE_CODE = YES;
				CLANG_WARN__DUPLICATE_METHOD_MATCH = YES;
				COPY_PHASE_STRIP = NO;
				DEBUG_INFORMATION_FORMAT = dwarf;
				ENABLE_STRICT_OBJC_MSGSEND = YES;
				ENABLE_TESTABILITY = YES;
				GCC_C_LANGUAGE_STANDARD = gnu11;
				GCC_DYNAMIC_NO_PIC = NO;
				GCC_NO_COMMON_BLOCKS = YES;
				GCC_OPTIMIZATION_LEVEL = 0;
				GCC_PREPROCESSOR_DEFINITIONS = (
					"DEBUG=1",
					"$(inherited)",
				);
				GCC_WARN_64_TO_32_BIT_CONVERSION = YES;
				GCC_WARN_ABOUT_RETURN_TYPE = YES_ERROR;
				GCC_WARN_UNDECLARED_SELECTOR = YES;
				GCC_WARN_UNINITIALIZED_AUTOS = YES_AGGRESSIVE;
				GCC_WARN_UNUSED_FUNCTION = YES;
				GCC_WARN_UNUSED_VARIABLE = YES;
				IPHONEOS_DEPLOYMENT_TARGET = 13.2;
				MTL_ENABLE_DEBUG_INFO = INCLUDE_SOURCE;
				MTL_FAST_MATH = YES;
				ONLY_ACTIVE_ARCH = YES;
				SDKROOT = iphoneos;
				SWIFT_ACTIVE_COMPILATION_CONDITIONS = DEBUG;
				SWIFT_OPTIMIZATION_LEVEL = "-Onone";
			};
			name = Debug;
		};
		5B94093127E00C1300A8FF06 /* Release */ = {
			isa = XCBuildConfiguration;
			buildSettings = {
				ALWAYS_SEARCH_USER_PATHS = NO;
				CLANG_ANALYZER_NONNULL = YES;
				CLANG_ANALYZER_NUMBER_OBJECT_CONVERSION = YES_AGGRESSIVE;
				CLANG_CXX_LANGUAGE_STANDARD = "gnu++14";
				CLANG_CXX_LIBRARY = "libc++";
				CLANG_ENABLE_MODULES = YES;
				CLANG_ENABLE_OBJC_ARC = YES;
				CLANG_ENABLE_OBJC_WEAK = YES;
				CLANG_WARN_BLOCK_CAPTURE_AUTORELEASING = YES;
				CLANG_WARN_BOOL_CONVERSION = YES;
				CLANG_WARN_COMMA = YES;
				CLANG_WARN_CONSTANT_CONVERSION = YES;
				CLANG_WARN_DEPRECATED_OBJC_IMPLEMENTATIONS = YES;
				CLANG_WARN_DIRECT_OBJC_ISA_USAGE = YES_ERROR;
				CLANG_WARN_DOCUMENTATION_COMMENTS = YES;
				CLANG_WARN_EMPTY_BODY = YES;
				CLANG_WARN_ENUM_CONVERSION = YES;
				CLANG_WARN_INFINITE_RECURSION = YES;
				CLANG_WARN_INT_CONVERSION = YES;
				CLANG_WARN_NON_LITERAL_NULL_CONVERSION = YES;
				CLANG_WARN_OBJC_IMPLICIT_RETAIN_SELF = YES;
				CLANG_WARN_OBJC_LITERAL_CONVERSION = YES;
				CLANG_WARN_OBJC_ROOT_CLASS = YES_ERROR;
				CLANG_WARN_RANGE_LOOP_ANALYSIS = YES;
				CLANG_WARN_STRICT_PROTOTYPES = YES;
				CLANG_WARN_SUSPICIOUS_MOVE = YES;
				CLANG_WARN_UNGUARDED_AVAILABILITY = YES_AGGRESSIVE;
				CLANG_WARN_UNREACHABLE_CODE = YES;
				CLANG_WARN__DUPLICATE_METHOD_MATCH = YES;
				COPY_PHASE_STRIP = NO;
				DEBUG_INFORMATION_FORMAT = "dwarf-with-dsym";
				ENABLE_NS_ASSERTIONS = NO;
				ENABLE_STRICT_OBJC_MSGSEND = YES;
				GCC_C_LANGUAGE_STANDARD = gnu11;
				GCC_NO_COMMON_BLOCKS = YES;
				GCC_WARN_64_TO_32_BIT_CONVERSION = YES;
				GCC_WARN_ABOUT_RETURN_TYPE = YES_ERROR;
				GCC_WARN_UNDECLARED_SELECTOR = YES;
				GCC_WARN_UNINITIALIZED_AUTOS = YES_AGGRESSIVE;
				GCC_WARN_UNUSED_FUNCTION = YES;
				GCC_WARN_UNUSED_VARIABLE = YES;
				IPHONEOS_DEPLOYMENT_TARGET = 13.2;
				MTL_ENABLE_DEBUG_INFO = NO;
				MTL_FAST_MATH = YES;
				SDKROOT = iphoneos;
				SWIFT_COMPILATION_MODE = wholemodule;
				SWIFT_OPTIMIZATION_LEVEL = "-O";
				VALIDATE_PRODUCT = YES;
			};
			name = Release;
		};
		5B94093327E00C1300A8FF06 /* Debug */ = {
			isa = XCBuildConfiguration;
			buildSettings = {
				ASSETCATALOG_COMPILER_APPICON_NAME = AppIcon;
				CODE_SIGN_STYLE = Automatic;
				INFOPLIST_FILE = "IBOutlet&&IBAction/Info.plist";
				LD_RUNPATH_SEARCH_PATHS = (
					"$(inherited)",
					"@executable_path/Frameworks",
				);
				PRODUCT_BUNDLE_IDENTIFIER = "br.com.DH.IBOutlet--IBAction";
				PRODUCT_NAME = "$(TARGET_NAME)";
				SWIFT_VERSION = 5.0;
				TARGETED_DEVICE_FAMILY = "1,2";
			};
			name = Debug;
		};
		5B94093427E00C1300A8FF06 /* Release */ = {
			isa = XCBuildConfiguration;
			buildSettings = {
				ASSETCATALOG_COMPILER_APPICON_NAME = AppIcon;
				CODE_SIGN_STYLE = Automatic;
				INFOPLIST_FILE = "IBOutlet&&IBAction/Info.plist";
				LD_RUNPATH_SEARCH_PATHS = (
					"$(inherited)",
					"@executable_path/Frameworks",
				);
				PRODUCT_BUNDLE_IDENTIFIER = "br.com.DH.IBOutlet--IBAction";
				PRODUCT_NAME = "$(TARGET_NAME)";
				SWIFT_VERSION = 5.0;
				TARGETED_DEVICE_FAMILY = "1,2";
			};
			name = Release;
		};
		5B94093627E00C1300A8FF06 /* Debug */ = {
			isa = XCBuildConfiguration;
			buildSettings = {
				ALWAYS_EMBED_SWIFT_STANDARD_LIBRARIES = YES;
				BUNDLE_LOADER = "$(TEST_HOST)";
				CODE_SIGN_STYLE = Automatic;
				INFOPLIST_FILE = "IBOutlet&&IBActionTests/Info.plist";
				IPHONEOS_DEPLOYMENT_TARGET = 13.2;
				LD_RUNPATH_SEARCH_PATHS = (
					"$(inherited)",
					"@executable_path/Frameworks",
					"@loader_path/Frameworks",
				);
				PRODUCT_BUNDLE_IDENTIFIER = "br.com.DH.IBOutlet--IBActionTests";
				PRODUCT_NAME = "$(TARGET_NAME)";
				SWIFT_VERSION = 5.0;
				TARGETED_DEVICE_FAMILY = "1,2";
				TEST_HOST = "$(BUILT_PRODUCTS_DIR)/IBOutlet&&IBAction.app/IBOutlet&&IBAction";
			};
			name = Debug;
		};
		5B94093727E00C1300A8FF06 /* Release */ = {
			isa = XCBuildConfiguration;
			buildSettings = {
				ALWAYS_EMBED_SWIFT_STANDARD_LIBRARIES = YES;
				BUNDLE_LOADER = "$(TEST_HOST)";
				CODE_SIGN_STYLE = Automatic;
				INFOPLIST_FILE = "IBOutlet&&IBActionTests/Info.plist";
				IPHONEOS_DEPLOYMENT_TARGET = 13.2;
				LD_RUNPATH_SEARCH_PATHS = (
					"$(inherited)",
					"@executable_path/Frameworks",
					"@loader_path/Frameworks",
				);
				PRODUCT_BUNDLE_IDENTIFIER = "br.com.DH.IBOutlet--IBActionTests";
				PRODUCT_NAME = "$(TARGET_NAME)";
				SWIFT_VERSION = 5.0;
				TARGETED_DEVICE_FAMILY = "1,2";
				TEST_HOST = "$(BUILT_PRODUCTS_DIR)/IBOutlet&&IBAction.app/IBOutlet&&IBAction";
			};
			name = Release;
		};
		5B94093927E00C1300A8FF06 /* Debug */ = {
			isa = XCBuildConfiguration;
			buildSettings = {
				ALWAYS_EMBED_SWIFT_STANDARD_LIBRARIES = YES;
				CODE_SIGN_STYLE = Automatic;
				INFOPLIST_FILE = "IBOutlet&&IBActionUITests/Info.plist";
				LD_RUNPATH_SEARCH_PATHS = (
					"$(inherited)",
					"@executable_path/Frameworks",
					"@loader_path/Frameworks",
				);
				PRODUCT_BUNDLE_IDENTIFIER = "br.com.DH.IBOutlet--IBActionUITests";
				PRODUCT_NAME = "$(TARGET_NAME)";
				SWIFT_VERSION = 5.0;
				TARGETED_DEVICE_FAMILY = "1,2";
				TEST_TARGET_NAME = "IBOutlet&&IBAction";
			};
			name = Debug;
		};
		5B94093A27E00C1300A8FF06 /* Release */ = {
			isa = XCBuildConfiguration;
			buildSettings = {
				ALWAYS_EMBED_SWIFT_STANDARD_LIBRARIES = YES;
				CODE_SIGN_STYLE = Automatic;
				INFOPLIST_FILE = "IBOutlet&&IBActionUITests/Info.plist";
				LD_RUNPATH_SEARCH_PATHS = (
					"$(inherited)",
					"@executable_path/Frameworks",
					"@loader_path/Frameworks",
				);
				PRODUCT_BUNDLE_IDENTIFIER = "br.com.DH.IBOutlet--IBActionUITests";
				PRODUCT_NAME = "$(TARGET_NAME)";
				SWIFT_VERSION = 5.0;
				TARGETED_DEVICE_FAMILY = "1,2";
				TEST_TARGET_NAME = "IBOutlet&&IBAction";
			};
			name = Release;
		};
/* End XCBuildConfiguration section */

/* Begin XCConfigurationList section */
		5B94090027E00C1100A8FF06 /* Build configuration list for PBXProject "IBOutlet&&IBAction" */ = {
			isa = XCConfigurationList;
			buildConfigurations = (
				5B94093027E00C1300A8FF06 /* Debug */,
				5B94093127E00C1300A8FF06 /* Release */,
			);
			defaultConfigurationIsVisible = 0;
			defaultConfigurationName = Release;
		};
		5B94093227E00C1300A8FF06 /* Build configuration list for PBXNativeTarget "IBOutlet&&IBAction" */ = {
			isa = XCConfigurationList;
			buildConfigurations = (
				5B94093327E00C1300A8FF06 /* Debug */,
				5B94093427E00C1300A8FF06 /* Release */,
			);
			defaultConfigurationIsVisible = 0;
			defaultConfigurationName = Release;
		};
		5B94093527E00C1300A8FF06 /* Build configuration list for PBXNativeTarget "IBOutlet&&IBActionTests" */ = {
			isa = XCConfigurationList;
			buildConfigurations = (
				5B94093627E00C1300A8FF06 /* Debug */,
				5B94093727E00C1300A8FF06 /* Release */,
			);
			defaultConfigurationIsVisible = 0;
			defaultConfigurationName = Release;
		};
		5B94093827E00C1300A8FF06 /* Build configuration list for PBXNativeTarget "IBOutlet&&IBActionUITests" */ = {
			isa = XCConfigurationList;
			buildConfigurations = (
				5B94093927E00C1300A8FF06 /* Debug */,
				5B94093A27E00C1300A8FF06 /* Release */,
			);
			defaultConfigurationIsVisible = 0;
			defaultConfigurationName = Release;
		};
/* End XCConfigurationList section */

/* Begin XCVersionGroup section */
		5B94091127E00C1100A8FF06 /* IBOutlet__IBAction.xcdatamodeld */ = {
			isa = XCVersionGroup;
			children = (
				5B94091227E00C1100A8FF06 /* IBOutlet__IBAction.xcdatamodel */,
			);
			currentVersion = 5B94091227E00C1100A8FF06 /* IBOutlet__IBAction.xcdatamodel */;
			path = IBOutlet__IBAction.xcdatamodeld;
			sourceTree = "<group>";
			versionGroupType = wrapper.xcdatamodel;
		};
/* End XCVersionGroup section */
	};
	rootObject = 5B9408FD27E00C1100A8FF06 /* Project object */;
}
