// !$*UTF8*$!
{
	archiveVersion = 1;
	classes = {
	};
	objectVersion = 50;
	objects = {

/* Begin PBXBuildFile section */
		5BB8724A2819EF24001100BC /* AppDelegate.swift in Sources */ = {isa = PBXBuildFile; fileRef = 5BB872492819EF24001100BC /* AppDelegate.swift */; };
		5BB8724C2819EF24001100BC /* SceneDelegate.swift in Sources */ = {isa = PBXBuildFile; fileRef = 5BB8724B2819EF24001100BC /* SceneDelegate.swift */; };
		5BB8724E2819EF24001100BC /* ViewController.swift in Sources */ = {isa = PBXBuildFile; fileRef = 5BB8724D2819EF24001100BC /* ViewController.swift */; };
		5BB872512819EF24001100BC /* Main.storyboard in Resources */ = {isa = PBXBuildFile; fileRef = 5BB8724F2819EF24001100BC /* Main.storyboard */; };
		5BB872532819EF27001100BC /* Assets.xcassets in Resources */ = {isa = PBXBuildFile; fileRef = 5BB872522819EF27001100BC /* Assets.xcassets */; };
		5BB872562819EF27001100BC /* LaunchScreen.storyboard in Resources */ = {isa = PBXBuildFile; fileRef = 5BB872542819EF27001100BC /* LaunchScreen.storyboard */; };
		5BB8725F2819EFB5001100BC /* CustomizarTableViewCell.swift in Sources */ = {isa = PBXBuildFile; fileRef = 5BB8725D2819EFB5001100BC /* CustomizarTableViewCell.swift */; };
/* End PBXBuildFile section */

/* Begin PBXFileReference section */
		5BB872462819EF24001100BC /* CustomizarTelas_Aula.app */ = {isa = PBXFileReference; explicitFileType = wrapper.application; includeInIndex = 0; path = CustomizarTelas_Aula.app; sourceTree = BUILT_PRODUCTS_DIR; };
		5BB872492819EF24001100BC /* AppDelegate.swift */ = {isa = PBXFileReference; lastKnownFileType = sourcecode.swift; path = AppDelegate.swift; sourceTree = "<group>"; };
		5BB8724B2819EF24001100BC /* SceneDelegate.swift */ = {isa = PBXFileReference; lastKnownFileType = sourcecode.swift; path = SceneDelegate.swift; sourceTree = "<group>"; };
		5BB8724D2819EF24001100BC /* ViewController.swift */ = {isa = PBXFileReference; lastKnownFileType = sourcecode.swift; path = ViewController.swift; sourceTree = "<group>"; };
		5BB872502819EF24001100BC /* Base */ = {isa = PBXFileReference; lastKnownFileType = file.storyboard; name = Base; path = Base.lproj/Main.storyboard; sourceTree = "<group>"; };
		5BB872522819EF27001100BC /* Assets.xcassets */ = {isa = PBXFileReference; lastKnownFileType = folder.assetcatalog; path = Assets.xcassets; sourceTree = "<group>"; };
		5BB872552819EF27001100BC /* Base */ = {isa = PBXFileReference; lastKnownFileType = file.storyboard; name = Base; path = Base.lproj/LaunchScreen.storyboard; sourceTree = "<group>"; };
		5BB872572819EF27001100BC /* Info.plist */ = {isa = PBXFileReference; lastKnownFileType = text.plist.xml; path = Info.plist; sourceTree = "<group>"; };
		5BB8725D2819EFB5001100BC /* CustomizarTableViewCell.swift */ = {isa = PBXFileReference; lastKnownFileType = sourcecode.swift; path = CustomizarTableViewCell.swift; sourceTree = "<group>"; };
/* End PBXFileReference section */

/* Begin PBXFrameworksBuildPhase section */
		5BB872432819EF24001100BC /* Frameworks */ = {
			isa = PBXFrameworksBuildPhase;
			buildActionMask = 2147483647;
			files = (
			);
			runOnlyForDeploymentPostprocessing = 0;
		};
/* End PBXFrameworksBuildPhase section */

/* Begin PBXGroup section */
		5BB8723D2819EF24001100BC = {
			isa = PBXGroup;
			children = (
				5BB872482819EF24001100BC /* CustomizarTelas_Aula */,
				5BB872472819EF24001100BC /* Products */,
			);
			sourceTree = "<group>";
		};
		5BB872472819EF24001100BC /* Products */ = {
			isa = PBXGroup;
			children = (
				5BB872462819EF24001100BC /* CustomizarTelas_Aula.app */,
			);
			name = Products;
			sourceTree = "<group>";
		};
		5BB872482819EF24001100BC /* CustomizarTelas_Aula */ = {
			isa = PBXGroup;
			children = (
				5BB872492819EF24001100BC /* AppDelegate.swift */,
				5BB8724B2819EF24001100BC /* SceneDelegate.swift */,
				5BB8724D2819EF24001100BC /* ViewController.swift */,
				5BB8725D2819EFB5001100BC /* CustomizarTableViewCell.swift */,
				5BB8724F2819EF24001100BC /* Main.storyboard */,
				5BB872522819EF27001100BC /* Assets.xcassets */,
				5BB872542819EF27001100BC /* LaunchScreen.storyboard */,
				5BB872572819EF27001100BC /* Info.plist */,
			);
			path = CustomizarTelas_Aula;
			sourceTree = "<group>";
		};
/* End PBXGroup section */

/* Begin PBXNativeTarget section */
		5BB872452819EF24001100BC /* CustomizarTelas_Aula */ = {
			isa = PBXNativeTarget;
			buildConfigurationList = 5BB8725A2819EF27001100BC /* Build configuration list for PBXNativeTarget "CustomizarTelas_Aula" */;
			buildPhases = (
				5BB872422819EF24001100BC /* Sources */,
				5BB872432819EF24001100BC /* Frameworks */,
				5BB872442819EF24001100BC /* Resources */,
			);
			buildRules = (
			);
			dependencies = (
			);
			name = CustomizarTelas_Aula;
			productName = CustomizarTelas_Aula;
			productReference = 5BB872462819EF24001100BC /* CustomizarTelas_Aula.app */;
			productType = "com.apple.product-type.application";
		};
/* End PBXNativeTarget section */

/* Begin PBXProject section */
		5BB8723E2819EF24001100BC /* Project object */ = {
			isa = PBXProject;
			attributes = {
				LastSwiftUpdateCheck = 1120;
				LastUpgradeCheck = 1120;
				ORGANIZATIONNAME = DH;
				TargetAttributes = {
					5BB872452819EF24001100BC = {
						CreatedOnToolsVersion = 11.2;
					};
				};
			};
			buildConfigurationList = 5BB872412819EF24001100BC /* Build configuration list for PBXProject "CustomizarTelas_Aula" */;
			compatibilityVersion = "Xcode 9.3";
			developmentRegion = en;
			hasScannedForEncodings = 0;
			knownRegions = (
				en,
				Base,
			);
			mainGroup = 5BB8723D2819EF24001100BC;
			productRefGroup = 5BB872472819EF24001100BC /* Products */;
			projectDirPath = "";
			projectRoot = "";
			targets = (
				5BB872452819EF24001100BC /* CustomizarTelas_Aula */,
			);
		};
/* End PBXProject section */

/* Begin PBXResourcesBuildPhase section */
		5BB872442819EF24001100BC /* Resources */ = {
			isa = PBXResourcesBuildPhase;
			buildActionMask = 2147483647;
			files = (
				5BB872562819EF27001100BC /* LaunchScreen.storyboard in Resources */,
				5BB872532819EF27001100BC /* Assets.xcassets in Resources */,
				5BB872512819EF24001100BC /* Main.storyboard in Resources */,
			);
			runOnlyForDeploymentPostprocessing = 0;
		};
/* End PBXResourcesBuildPhase section */

/* Begin PBXSourcesBuildPhase section */
		5BB872422819EF24001100BC /* Sources */ = {
			isa = PBXSourcesBuildPhase;
			buildActionMask = 2147483647;
			files = (
				5BB8725F2819EFB5001100BC /* CustomizarTableViewCell.swift in Sources */,
				5BB8724E2819EF24001100BC /* ViewController.swift in Sources */,
				5BB8724A2819EF24001100BC /* AppDelegate.swift in Sources */,
				5BB8724C2819EF24001100BC /* SceneDelegate.swift in Sources */,
			);
			runOnlyForDeploymentPostprocessing = 0;
		};
/* End PBXSourcesBuildPhase section */

/* Begin PBXVariantGroup section */
		5BB8724F2819EF24001100BC /* Main.storyboard */ = {
			isa = PBXVariantGroup;
			children = (
				5BB872502819EF24001100BC /* Base */,
			);
			name = Main.storyboard;
			sourceTree = "<group>";
		};
		5BB872542819EF27001100BC /* LaunchScreen.storyboard */ = {
			isa = PBXVariantGroup;
			children = (
				5BB872552819EF27001100BC /* Base */,
			);
			name = LaunchScreen.storyboard;
			sourceTree = "<group>";
		};
/* End PBXVariantGroup section */

/* Begin XCBuildConfiguration section */
		5BB872582819EF27001100BC /* Debug */ = {
			isa = XCBuildConfiguration;
			buildSettings = {
				ALWAYS_SEARCH_USER_PATHS = NO;
				CLANG_ANALYZER_NONNULL = YES;
				CLANG_ANALYZER_NUMBER_OBJECT_CONVERSION = YES_AGGRESSIVE;
				CLANG_CXX_LANGUAGE_STANDARD = "gnu++14";
				CLANG_CXX_LIBRARY = "libc++";
				CLANG_ENABLE_MODULES = YES;
				CLANG_ENABLE_OBJC_ARC = YES;
				CLANG_ENABLE_OBJC_WEAK = YES;
				CLANG_WARN_BLOCK_CAPTURE_AUTORELEASING = YES;
				CLANG_WARN_BOOL_CONVERSION = YES;
				CLANG_WARN_COMMA = YES;
				CLANG_WARN_CONSTANT_CONVERSION = YES;
				CLANG_WARN_DEPRECATED_OBJC_IMPLEMENTATIONS = YES;
				CLANG_WARN_DIRECT_OBJC_ISA_USAGE = YES_ERROR;
				CLANG_WARN_DOCUMENTATION_COMMENTS = YES;
				CLANG_WARN_EMPTY_BODY = YES;
				CLANG_WARN_ENUM_CONVERSION = YES;
				CLANG_WARN_INFINITE_RECURSION = YES;
				CLANG_WARN_INT_CONVERSION = YES;
				CLANG_WARN_NON_LITERAL_NULL_CONVERSION = YES;
				CLANG_WARN_OBJC_IMPLICIT_RETAIN_SELF = YES;
				CLANG_WARN_OBJC_LITERAL_CONVERSION = YES;
				CLANG_WARN_OBJC_ROOT_CLASS = YES_ERROR;
				CLANG_WARN_RANGE_LOOP_ANALYSIS = YES;
				CLANG_WARN_STRICT_PROTOTYPES = YES;
				CLANG_WARN_SUSPICIOUS_MOVE = YES;
				CLANG_WARN_UNGUARDED_AVAILABILITY = YES_AGGRESSIVE;
				CLANG_WARN_UNREACHABLE_CODE = YES;
				CLANG_WARN__DUPLICATE_METHOD_MATCH = YES;
				COPY_PHASE_STRIP = NO;
				DEBUG_INFORMATION_FORMAT = dwarf;
				ENABLE_STRICT_OBJC_MSGSEND = YES;
				ENABLE_TESTABILITY = YES;
				GCC_C_LANGUAGE_STANDARD = gnu11;
				GCC_DYNAMIC_NO_PIC = NO;
				GCC_NO_COMMON_BLOCKS = YES;
				GCC_OPTIMIZATION_LEVEL = 0;
				GCC_PREPROCESSOR_DEFINITIONS = (
					"DEBUG=1",
					"$(inherited)",
				);
				GCC_WARN_64_TO_32_BIT_CONVERSION = YES;
				GCC_WARN_ABOUT_RETURN_TYPE = YES_ERROR;
				GCC_WARN_UNDECLARED_SELECTOR = YES;
				GCC_WARN_UNINITIALIZED_AUTOS = YES_AGGRESSIVE;
				GCC_WARN_UNUSED_FUNCTION = YES;
				GCC_WARN_UNUSED_VARIABLE = YES;
				IPHONEOS_DEPLOYMENT_TARGET = 13.2;
				MTL_ENABLE_DEBUG_INFO = INCLUDE_SOURCE;
				MTL_FAST_MATH = YES;
				ONLY_ACTIVE_ARCH = YES;
				SDKROOT = iphoneos;
				SWIFT_ACTIVE_COMPILATION_CONDITIONS = DEBUG;
				SWIFT_OPTIMIZATION_LEVEL = "-Onone";
			};
			name = Debug;
		};
		5BB872592819EF27001100BC /* Release */ = {
			isa = XCBuildConfiguration;
			buildSettings = {
				ALWAYS_SEARCH_USER_PATHS = NO;
				CLANG_ANALYZER_NONNULL = YES;
				CLANG_ANALYZER_NUMBER_OBJECT_CONVERSION = YES_AGGRESSIVE;
				CLANG_CXX_LANGUAGE_STANDARD = "gnu++14";
				CLANG_CXX_LIBRARY = "libc++";
				CLANG_ENABLE_MODULES = YES;
				CLANG_ENABLE_OBJC_ARC = YES;
				CLANG_ENABLE_OBJC_WEAK = YES;
				CLANG_WARN_BLOCK_CAPTURE_AUTORELEASING = YES;
				CLANG_WARN_BOOL_CONVERSION = YES;
				CLANG_WARN_COMMA = YES;
				CLANG_WARN_CONSTANT_CONVERSION = YES;
				CLANG_WARN_DEPRECATED_OBJC_IMPLEMENTATIONS = YES;
				CLANG_WARN_DIRECT_OBJC_ISA_USAGE = YES_ERROR;
				CLANG_WARN_DOCUMENTATION_COMMENTS = YES;
				CLANG_WARN_EMPTY_BODY = YES;
				CLANG_WARN_ENUM_CONVERSION = YES;
				CLANG_WARN_INFINITE_RECURSION = YES;
				CLANG_WARN_INT_CONVERSION = YES;
				CLANG_WARN_NON_LITERAL_NULL_CONVERSION = YES;
				CLANG_WARN_OBJC_IMPLICIT_RETAIN_SELF = YES;
				CLANG_WARN_OBJC_LITERAL_CONVERSION = YES;
				CLANG_WARN_OBJC_ROOT_CLASS = YES_ERROR;
				CLANG_WARN_RANGE_LOOP_ANALYSIS = YES;
				CLANG_WARN_STRICT_PROTOTYPES = YES;
				CLANG_WARN_SUSPICIOUS_MOVE = YES;
				CLANG_WARN_UNGUARDED_AVAILABILITY = YES_AGGRESSIVE;
				CLANG_WARN_UNREACHABLE_CODE = YES;
				CLANG_WARN__DUPLICATE_METHOD_MATCH = YES;
				COPY_PHASE_STRIP = NO;
				DEBUG_INFORMATION_FORMAT = "dwarf-with-dsym";
				ENABLE_NS_ASSERTIONS = NO;
				ENABLE_STRICT_OBJC_MSGSEND = YES;
				GCC_C_LANGUAGE_STANDARD = gnu11;
				GCC_NO_COMMON_BLOCKS = YES;
				GCC_WARN_64_TO_32_BIT_CONVERSION = YES;
				GCC_WARN_ABOUT_RETURN_TYPE = YES_ERROR;
				GCC_WARN_UNDECLARED_SELECTOR = YES;
				GCC_WARN_UNINITIALIZED_AUTOS = YES_AGGRESSIVE;
				GCC_WARN_UNUSED_FUNCTION = YES;
				GCC_WARN_UNUSED_VARIABLE = YES;
				IPHONEOS_DEPLOYMENT_TARGET = 13.2;
				MTL_ENABLE_DEBUG_INFO = NO;
				MTL_FAST_MATH = YES;
				SDKROOT = iphoneos;
				SWIFT_COMPILATION_MODE = wholemodule;
				SWIFT_OPTIMIZATION_LEVEL = "-O";
				VALIDATE_PRODUCT = YES;
			};
			name = Release;
		};
		5BB8725B2819EF27001100BC /* Debug */ = {
			isa = XCBuildConfiguration;
			buildSettings = {
				ASSETCATALOG_COMPILER_APPICON_NAME = AppIcon;
				CODE_SIGN_STYLE = Automatic;
				INFOPLIST_FILE = CustomizarTelas_Aula/Info.plist;
				LD_RUNPATH_SEARCH_PATHS = (
					"$(inherited)",
					"@executable_path/Frameworks",
				);
				PRODUCT_BUNDLE_IDENTIFIER = "br.com.DH.CustomizarTelas-Aula";
				PRODUCT_NAME = "$(TARGET_NAME)";
				SWIFT_VERSION = 5.0;
				TARGETED_DEVICE_FAMILY = "1,2";
			};
			name = Debug;
		};
		5BB8725C2819EF27001100BC /* Release */ = {
			isa = XCBuildConfiguration;
			buildSettings = {
				ASSETCATALOG_COMPILER_APPICON_NAME = AppIcon;
				CODE_SIGN_STYLE = Automatic;
				INFOPLIST_FILE = CustomizarTelas_Aula/Info.plist;
				LD_RUNPATH_SEARCH_PATHS = (
					"$(inherited)",
					"@executable_path/Frameworks",
				);
				PRODUCT_BUNDLE_IDENTIFIER = "br.com.DH.CustomizarTelas-Aula";
				PRODUCT_NAME = "$(TARGET_NAME)";
				SWIFT_VERSION = 5.0;
				TARGETED_DEVICE_FAMILY = "1,2";
			};
			name = Release;
		};
/* End XCBuildConfiguration section */

/* Begin XCConfigurationList section */
		5BB872412819EF24001100BC /* Build configuration list for PBXProject "CustomizarTelas_Aula" */ = {
			isa = XCConfigurationList;
			buildConfigurations = (
				5BB872582819EF27001100BC /* Debug */,
				5BB872592819EF27001100BC /* Release */,
			);
			defaultConfigurationIsVisible = 0;
			defaultConfigurationName = Release;
		};
		5BB8725A2819EF27001100BC /* Build configuration list for PBXNativeTarget "CustomizarTelas_Aula" */ = {
			isa = XCConfigurationList;
			buildConfigurations = (
				5BB8725B2819EF27001100BC /* Debug */,
				5BB8725C2819EF27001100BC /* Release */,
			);
			defaultConfigurationIsVisible = 0;
			defaultConfigurationName = Release;
		};
/* End XCConfigurationList section */
	};
	rootObject = 5BB8723E2819EF24001100BC /* Project object */;
}
